
Microsoft Visual Studio Solution File, Format Version 12.00
# Visual Studio Version 17
VisualStudioVersion = 17.8.34525.116
MinimumVisualStudioVersion = 10.0.40219.1
Project("{9A19103F-16F7-4668-BE54-9A1E7A4F7556}") = "AlbaPizzaApp.Aplication", "AlbaPizzaApp.Aplication\AlbaPizzaApp.Aplication.csproj", "{D3B38342-0C82-41B8-877C-F1024A5A8371}"
EndProject
Project("{9A19103F-16F7-4668-BE54-9A1E7A4F7556}") = "AlbaPizzaApp.API", "AlbaPizzaApp.API\AlbaPizzaApp.API.csproj", "{B72CB6FA-E0A5-42B5-B338-7F71B4F5C493}"
EndProject
Project("{9A19103F-16F7-4668-BE54-9A1E7A4F7556}") = "AlbaPizzaApp.Domain", "AlbaPizzaApp.Domain\AlbaPizzaApp.Domain.csproj", "{C9F2EA55-CFD6-413E-A380-C7609E817FED}"
EndProject
Global
	GlobalSection(SolutionConfigurationPlatforms) = preSolution
		Debug|Any CPU = Debug|Any CPU
		Release|Any CPU = Release|Any CPU
	EndGlobalSection
	GlobalSection(ProjectConfigurationPlatforms) = postSolution
		{D3B38342-0C82-41B8-877C-F1024A5A8371}.Debug|Any CPU.ActiveCfg = Debug|Any CPU
		{D3B38342-0C82-41B8-877C-F1024A5A8371}.Debug|Any CPU.Build.0 = Debug|Any CPU
		{D3B38342-0C82-41B8-877C-F1024A5A8371}.Release|Any CPU.ActiveCfg = Release|Any CPU
		{D3B38342-0C82-41B8-877C-F1024A5A8371}.Release|Any CPU.Build.0 = Release|Any CPU
		{B72CB6FA-E0A5-42B5-B338-7F71B4F5C493}.Debug|Any CPU.ActiveCfg = Debug|Any CPU
		{B72CB6FA-E0A5-42B5-B338-7F71B4F5C493}.Debug|Any CPU.Build.0 = Debug|Any CPU
		{B72CB6FA-E0A5-42B5-B338-7F71B4F5C493}.Release|Any CPU.ActiveCfg = Release|Any CPU
		{B72CB6FA-E0A5-42B5-B338-7F71B4F5C493}.Release|Any CPU.Build.0 = Release|Any CPU
		{C9F2EA55-CFD6-413E-A380-C7609E817FED}.Debug|Any CPU.ActiveCfg = Debug|Any CPU
		{C9F2EA55-CFD6-413E-A380-C7609E817FED}.Debug|Any CPU.Build.0 = Debug|Any CPU
		{C9F2EA55-CFD6-413E-A380-C7609E817FED}.Release|Any CPU.ActiveCfg = Release|Any CPU
		{C9F2EA55-CFD6-413E-A380-C7609E817FED}.Release|Any CPU.Build.0 = Release|Any CPU
	EndGlobalSection
	GlobalSection(SolutionProperties) = preSolution
		HideSolutionNode = FALSE
	EndGlobalSection
	GlobalSection(ExtensibilityGlobals) = postSolution
		SolutionGuid = {F9D208EF-6E2A-4F7E-A827-4512400288A1}
	EndGlobalSection
EndGlobal
